<?xml version="1.0" encoding="utf-8"?>
<Project ToolsVersion="4.0" xmlns="http://schemas.microsoft.com/developer/msbuild/2003">
  <ItemGroup>
    <Filter Include="Source Files">
      <UniqueIdentifier>{4FC737F1-C7A5-4376-A066-2A32D752A2FF}</UniqueIdentifier>
      <Extensions>cpp;c;cc;cxx;def;odl;idl;hpj;bat;asm;asmx</Extensions>
    </Filter>
    <Filter Include="Header Files">
      <UniqueIdentifier>{93995380-89BD-4b04-88EB-625FBE52EBFB}</UniqueIdentifier>
      <Extensions>h;hpp;hxx;hm;inl;inc;xsd</Extensions>
    </Filter>
    <Filter Include="Resource Files">
      <UniqueIdentifier>{67DA6AB6-F800-4c08-8B7A-83BB121AAD01}</UniqueIdentifier>
      <Extensions>rc;ico;cur;bmp;dlg;rc2;rct;bin;rgs;gif;jpg;jpeg;jpe;resx;tiff;tif;png;wav;mfcribbon-ms</Extensions>
    </Filter>
  </ItemGroup>
  <ItemGroup>
    <ClCompile Include="RenderWindow.cpp">
      <Filter>Source Files</Filter>
    </ClCompile>
    <ClCompile Include="RenderWindow_moc.cpp">
      <Filter>Source Files</Filter>
    </ClCompile>
    <ClCompile Include="Source.cpp">
      <Filter>Source Files</Filter>
    </ClCompile>
    <ClCompile Include="TriangleWindow.cpp">
      <Filter>Source Files</Filter>
    </ClCompile>
    <ClCompile Include="MainWindow.cpp">
      <Filter>Source Files</Filter>
    </ClCompile>
    <ClCompile Include="OpenGLWindow.cpp">
      <Filter>Source Files</Filter>
    </ClCompile>
    <ClCompile Include="OpenGLWindow_moc.cpp">
      <Filter>Source Files</Filter>
    </ClCompile>
    <ClCompile Include="UI\Float3Slider.cpp">
      <Filter>Source Files</Filter>
    </ClCompile>
    <ClCompile Include="UI\FloatSlider.cpp">
      <Filter>Source Files</Filter>
    </ClCompile>
    <ClCompile Include="UI\IntSlider.cpp">
      <Filter>Source Files</Filter>
    </ClCompile>
    <ClCompile Include="UI\UIWidget.cpp">
      <Filter>Source Files</Filter>
    </ClCompile>
    <ClCompile Include="UI\IntSlider_moc.cpp">
      <Filter>Source Files</Filter>
    </ClCompile>
    <ClCompile Include="CudaWidget.cu">
      <Filter>Source Files</Filter>
    </ClCompile>
    <ClCompile Include="GameObject.cpp">
      <Filter>Source Files</Filter>
    </ClCompile>
    <ClCompile Include="GameObjectContainer.cpp">
      <Filter>Source Files</Filter>
    </ClCompile>
    <ClCompile Include="GameObject_moc.cpp">
      <Filter>Source Files</Filter>
    </ClCompile>
    <ClCompile Include="GameObjectContainer_moc.cpp">
      <Filter>Source Files</Filter>
    </ClCompile>
    <ClCompile Include="MainWindow_moc.cpp">
      <Filter>Source Files</Filter>
    </ClCompile>
  </ItemGroup>
  <ItemGroup>
    <ClInclude Include="RenderWindow.h">
      <Filter>Header Files</Filter>
    </ClInclude>
    <ClInclude Include="TriangleWindow.h">
      <Filter>Header Files</Filter>
    </ClInclude>
    <ClInclude Include="MainWindow.h">
      <Filter>Header Files</Filter>
    </ClInclude>
    <ClInclude Include="OpenGLWindow.h">
      <Filter>Header Files</Filter>
    </ClInclude>
    <ClInclude Include="UI\Float3Slider.h">
      <Filter>Header Files</Filter>
    </ClInclude>
    <ClInclude Include="UI\FloatSlider.h">
      <Filter>Header Files</Filter>
    </ClInclude>
    <ClInclude Include="UI\IntSlider.h">
      <Filter>Header Files</Filter>
    </ClInclude>
    <ClInclude Include="UI\UIWidget.h">
      <Filter>Header Files</Filter>
    </ClInclude>
    <ClInclude Include="CudaWidget.h">
      <Filter>Header Files</Filter>
    </ClInclude>
    <ClInclude Include="helper_math.h">
      <Filter>Header Files</Filter>
    </ClInclude>
    <ClInclude Include="GameObject.h">
      <Filter>Header Files</Filter>
    </ClInclude>
    <ClInclude Include="GameObjectContainer.h">
      <Filter>Header Files</Filter>
    </ClInclude>
    <ClInclude Include="Octree.h">
      <Filter>Header Files</Filter>
    </ClInclude>
    <ClInclude Include="KDTree.h">
      <Filter>Header Files</Filter>
    </ClInclude>
  </ItemGroup>
  <ItemGroup>
    <CudaCompile Include="RayTracing.cu" />
  </ItemGroup>
  <ItemGroup>
    <None Include="right.qml" />
    <None Include="left.qml" />
    <None Include="QMLComponents\TextSlider.qml" />
    <None Include="QMLComponents\Float3Slider.qml" />
    <None Include="QMLComponents\Searchbox.qml" />
    <None Include="QMLComponents\ScrollBar.qml" />
    <None Include="QMLComponents\CollapsiblePanel.qml" />
    <None Include="QMLComponents\componentCreation.js" />
    <None Include="QMLComponents\LightPanel.qml" />
    <None Include="QMLComponents\DiffuseControl.qml" />
    <None Include="QMLComponents\TransparentControl.qml" />
    <None Include="QMLComponents\SpecularControl.qml" />
    <None Include="QMLComponents\ColorControl.qml" />
    <None Include="QMLComponents\MeshPanel.qml" />
    <None Include="QMLComponents\CameraPanel.qml" />
    <None Include="DynamicQML\Camera.qml" />
    <None Include="DynamicQML\Mesh.qml" />
    <None Include="DynamicQML\Light.qml" />
    <None Include="QMLComponents\ColorPicker.qml" />
    <None Include="QMLComponents\CheckerBoard.qml" />
    <None Include="QMLComponents\ColorSlider.qml" />
    <None Include="QMLComponents\SBPicker.qml" />
    <None Include="QMLComponents\ColorCursor.qml" />
    <None Include="QMLComponents\NumberBox.qml" />
    <None Include="QMLComponents\PanelBorder.qml" />
    <None Include="QMLComponents\Panel.qml" />
    <None Include="QMLComponents\RayPanel.qml" />
  </ItemGroup>
  <ItemGroup>
    <Image Include="C:\Users\dwright\Desktop\CollapsiblePanel\qml\CollapsiblePannel\images\arrowdown.png">
      <Filter>Resource Files</Filter>
    </Image>
    <Image Include="C:\Users\dwright\Desktop\glyphicons_free\glyphicons\png\glyphicons_432_plus.png">
      <Filter>Resource Files</Filter>
    </Image>
  </ItemGroup>
</Project>